Microsoft Visual Studio Solution File, Format Version 12.00
# Visual Studio Version 17
VisualStudioVersion = 17.5.2.0
MinimumVisualStudioVersion = 10.0.40219.1
Project("{FAE04EC0-301F-11D3-BF4B-00C04F79EFBC}") = "tp-dates", "tp-dates.csproj", "{B6849DD3-0069-CDFF-D2BC-3F03041C2BD9}"
EndProject
Global
	GlobalSection(SolutionConfigurationPlatforms) = preSolution
		Debug|Any CPU = Debug|Any CPU
		Release|Any CPU = Release|Any CPU
	EndGlobalSection
	GlobalSection(ProjectConfigurationPlatforms) = postSolution
		{B6849DD3-0069-CDFF-D2BC-3F03041C2BD9}.Debug|Any CPU.ActiveCfg = Debug|Any CPU
		{B6849DD3-0069-CDFF-D2BC-3F03041C2BD9}.Debug|Any CPU.Build.0 = Debug|Any CPU
		{B6849DD3-0069-CDFF-D2BC-3F03041C2BD9}.Release|Any CPU.ActiveCfg = Release|Any CPU
		{B6849DD3-0069-CDFF-D2BC-3F03041C2BD9}.Release|Any CPU.Build.0 = Release|Any CPU
	EndGlobalSection
	GlobalSection(SolutionProperties) = preSolution
		HideSolutionNode = FALSE
	EndGlobalSection
	GlobalSection(ExtensibilityGlobals) = postSolution
		SolutionGuid = {C460FCB3-F624-428F-A9B0-9EC63D09DD51}
	EndGlobalSection
EndGlobal
